
Microsoft Visual Studio Solution File, Format Version 12.00
# Visual Studio Version 16
VisualStudioVersion = 16.0.28803.202
MinimumVisualStudioVersion = 10.0.40219.1
Project("{FAE04EC0-301F-11D3-BF4B-00C04F79EFBC}") = "File Handler", "File Handler.csproj", "{26BBCEF3-BB24-400D-B488-73642151EB03}"
EndProject
Global
	GlobalSection(SolutionConfigurationPlatforms) = preSolution
		Debug|Any CPU = Debug|Any CPU
		Release|Any CPU = Release|Any CPU
	EndGlobalSection
	GlobalSection(ProjectConfigurationPlatforms) = postSolution
		{26BBCEF3-BB24-400D-B488-73642151EB03}.Debug|Any CPU.ActiveCfg = Debug|Any CPU
		{26BBCEF3-BB24-400D-B488-73642151EB03}.Debug|Any CPU.Build.0 = Debug|Any CPU
		{26BBCEF3-BB24-400D-B488-73642151EB03}.Release|Any CPU.ActiveCfg = Release|Any CPU
		{26BBCEF3-BB24-400D-B488-73642151EB03}.Release|Any CPU.Build.0 = Release|Any CPU
	EndGlobalSection
	GlobalSection(SolutionProperties) = preSolution
		HideSolutionNode = FALSE
	EndGlobalSection
	GlobalSection(ExtensibilityGlobals) = postSolution
		SolutionGuid = {F42D7417-3FA1-4E72-AE87-8E79BA96754B}
	EndGlobalSection
EndGlobal
